
Microsoft Visual Studio Solution File, Format Version 12.00
# Visual Studio Version 17
VisualStudioVersion = 17.5.33516.290
MinimumVisualStudioVersion = 10.0.40219.1
Project("{FAE04EC0-301F-11D3-BF4B-00C04F79EFBC}") = "Readline", "Readline\Readline.csproj", "{9E015A25-B4D3-4731-BFE2-6DC6F047F53B}"
EndProject
Global
	GlobalSection(SolutionConfigurationPlatforms) = preSolution
		Debug|Any CPU = Debug|Any CPU
		Release|Any CPU = Release|Any CPU
	EndGlobalSection
	GlobalSection(ProjectConfigurationPlatforms) = postSolution
		{9E015A25-B4D3-4731-BFE2-6DC6F047F53B}.Debug|Any CPU.ActiveCfg = Debug|Any CPU
		{9E015A25-B4D3-4731-BFE2-6DC6F047F53B}.Debug|Any CPU.Build.0 = Debug|Any CPU
		{9E015A25-B4D3-4731-BFE2-6DC6F047F53B}.Release|Any CPU.ActiveCfg = Release|Any CPU
		{9E015A25-B4D3-4731-BFE2-6DC6F047F53B}.Release|Any CPU.Build.0 = Release|Any CPU
	EndGlobalSection
	GlobalSection(SolutionProperties) = preSolution
		HideSolutionNode = FALSE
	EndGlobalSection
	GlobalSection(ExtensibilityGlobals) = postSolution
		SolutionGuid = {AB0965ED-D5C8-45F1-AA5F-4FB0442AFA0E}
	EndGlobalSection
EndGlobal
